
Microsoft Visual Studio Solution File, Format Version 12.00
# Visual Studio Version 17
VisualStudioVersion = 17.5.33627.172
MinimumVisualStudioVersion = 10.0.40219.1
Project("{2150E333-8FDC-42A3-9474-1A3956D46DE8}") = "Services", "Services", "{E2160F3B-B93B-4D81-B647-4BD04D39CD51}"
EndProject
Project("{2150E333-8FDC-42A3-9474-1A3956D46DE8}") = "Catalog", "Catalog", "{C062A965-BAB3-43FE-8FF7-B674FDE82B86}"
EndProject
Project("{9A19103F-16F7-4668-BE54-9A1E7A4F7556}") = "Catalog.API", "Services\Catalog\Catalog.API\Catalog.API.csproj", "{5F01EC9B-18A1-4264-BE0F-9FDF053C5E87}"
EndProject
Project("{E53339B2-1760-4266-BCC7-CA923CBCF16C}") = "docker-compose", "docker-compose.dcproj", "{EBF68C3B-9F4A-4E3B-86EC-CE6B2B816944}"
EndProject
Project("{2150E333-8FDC-42A3-9474-1A3956D46DE8}") = "Basket", "Basket", "{109315FB-D5EE-4795-BD64-0618B8BA6119}"
EndProject
Project("{9A19103F-16F7-4668-BE54-9A1E7A4F7556}") = "Basket.API", "Services\Basket\Basket.API\Basket.API.csproj", "{1B21AAA5-4627-4F0B-8A45-ACFB644C6120}"
EndProject
Project("{2150E333-8FDC-42A3-9474-1A3956D46DE8}") = "Discount", "Discount", "{D7FE3F0F-5BFC-4577-9257-5A10D575DD21}"
EndProject
Project("{9A19103F-16F7-4668-BE54-9A1E7A4F7556}") = "Discount.API", "Services\Discount\Discount.API\Discount.API.csproj", "{F0FA37FF-2D8B-4878-970F-38C2AFE0FF63}"
EndProject
Project("{9A19103F-16F7-4668-BE54-9A1E7A4F7556}") = "Discount.Grpc", "Services\Discount\Discount.Grpc\Discount.Grpc.csproj", "{300908C1-19EB-430E-B4D8-975B7EE91F8D}"
EndProject
Project("{2150E333-8FDC-42A3-9474-1A3956D46DE8}") = "Order", "Order", "{3EE94721-291A-4C3B-A4D6-26DE0187FFA2}"
EndProject
Project("{2150E333-8FDC-42A3-9474-1A3956D46DE8}") = "Core", "Core", "{E168F597-360E-4E51-B2B6-8D58EF3D296D}"
EndProject
Project("{2150E333-8FDC-42A3-9474-1A3956D46DE8}") = "Infrastructure", "Infrastructure", "{4ADC8369-B641-46A8-862B-FC3FA3A1AE07}"
EndProject
Project("{2150E333-8FDC-42A3-9474-1A3956D46DE8}") = "Presentation", "Presentation", "{CD3C01DD-8C42-45CA-9967-94BFFDF3BF7C}"
EndProject
Project("{FAE04EC0-301F-11D3-BF4B-00C04F79EFBC}") = "Order.API", "Services\Order\Presentation\Order.API\Order.API.csproj", "{E9385728-41BB-4DCB-818A-85360069EBA2}"
EndProject
Project("{FAE04EC0-301F-11D3-BF4B-00C04F79EFBC}") = "Order.Domain", "Services\Order\Core\Order.Domain\Order.Domain.csproj", "{7E1D670E-FC32-4440-BA22-3B9EB86117D1}"
EndProject
Project("{FAE04EC0-301F-11D3-BF4B-00C04F79EFBC}") = "Order.Application", "Services\Order\Core\Order.Application\Order.Application.csproj", "{EDB35233-E07F-4F58-94EF-0D64517407FA}"
EndProject
Project("{FAE04EC0-301F-11D3-BF4B-00C04F79EFBC}") = "Order.Infrastructure", "Services\Order\Infrastructure\Order.Infrastructure\Order.Infrastructure.csproj", "{96BDC564-37F6-476F-93E9-60DBF31FB66A}"
EndProject
Project("{FAE04EC0-301F-11D3-BF4B-00C04F79EFBC}") = "Order.Persistence", "Services\Order\Infrastructure\Order.Persistence\Order.Persistence.csproj", "{0CA205EE-876F-4017-866F-3A693B91E682}"
EndProject
Global
	GlobalSection(SolutionConfigurationPlatforms) = preSolution
		Debug|Any CPU = Debug|Any CPU
		Release|Any CPU = Release|Any CPU
	EndGlobalSection
	GlobalSection(ProjectConfigurationPlatforms) = postSolution
		{5F01EC9B-18A1-4264-BE0F-9FDF053C5E87}.Debug|Any CPU.ActiveCfg = Debug|Any CPU
		{5F01EC9B-18A1-4264-BE0F-9FDF053C5E87}.Debug|Any CPU.Build.0 = Debug|Any CPU
		{5F01EC9B-18A1-4264-BE0F-9FDF053C5E87}.Release|Any CPU.ActiveCfg = Release|Any CPU
		{5F01EC9B-18A1-4264-BE0F-9FDF053C5E87}.Release|Any CPU.Build.0 = Release|Any CPU
		{EBF68C3B-9F4A-4E3B-86EC-CE6B2B816944}.Debug|Any CPU.ActiveCfg = Debug|Any CPU
		{EBF68C3B-9F4A-4E3B-86EC-CE6B2B816944}.Debug|Any CPU.Build.0 = Debug|Any CPU
		{EBF68C3B-9F4A-4E3B-86EC-CE6B2B816944}.Release|Any CPU.ActiveCfg = Release|Any CPU
		{EBF68C3B-9F4A-4E3B-86EC-CE6B2B816944}.Release|Any CPU.Build.0 = Release|Any CPU
		{1B21AAA5-4627-4F0B-8A45-ACFB644C6120}.Debug|Any CPU.ActiveCfg = Debug|Any CPU
		{1B21AAA5-4627-4F0B-8A45-ACFB644C6120}.Debug|Any CPU.Build.0 = Debug|Any CPU
		{1B21AAA5-4627-4F0B-8A45-ACFB644C6120}.Release|Any CPU.ActiveCfg = Release|Any CPU
		{1B21AAA5-4627-4F0B-8A45-ACFB644C6120}.Release|Any CPU.Build.0 = Release|Any CPU
		{F0FA37FF-2D8B-4878-970F-38C2AFE0FF63}.Debug|Any CPU.ActiveCfg = Debug|Any CPU
		{F0FA37FF-2D8B-4878-970F-38C2AFE0FF63}.Debug|Any CPU.Build.0 = Debug|Any CPU
		{F0FA37FF-2D8B-4878-970F-38C2AFE0FF63}.Release|Any CPU.ActiveCfg = Release|Any CPU
		{F0FA37FF-2D8B-4878-970F-38C2AFE0FF63}.Release|Any CPU.Build.0 = Release|Any CPU
		{300908C1-19EB-430E-B4D8-975B7EE91F8D}.Debug|Any CPU.ActiveCfg = Debug|Any CPU
		{300908C1-19EB-430E-B4D8-975B7EE91F8D}.Debug|Any CPU.Build.0 = Debug|Any CPU
		{300908C1-19EB-430E-B4D8-975B7EE91F8D}.Release|Any CPU.ActiveCfg = Release|Any CPU
		{300908C1-19EB-430E-B4D8-975B7EE91F8D}.Release|Any CPU.Build.0 = Release|Any CPU
		{E9385728-41BB-4DCB-818A-85360069EBA2}.Debug|Any CPU.ActiveCfg = Debug|Any CPU
		{E9385728-41BB-4DCB-818A-85360069EBA2}.Debug|Any CPU.Build.0 = Debug|Any CPU
		{E9385728-41BB-4DCB-818A-85360069EBA2}.Release|Any CPU.ActiveCfg = Release|Any CPU
		{E9385728-41BB-4DCB-818A-85360069EBA2}.Release|Any CPU.Build.0 = Release|Any CPU
		{7E1D670E-FC32-4440-BA22-3B9EB86117D1}.Debug|Any CPU.ActiveCfg = Debug|Any CPU
		{7E1D670E-FC32-4440-BA22-3B9EB86117D1}.Debug|Any CPU.Build.0 = Debug|Any CPU
		{7E1D670E-FC32-4440-BA22-3B9EB86117D1}.Release|Any CPU.ActiveCfg = Release|Any CPU
		{7E1D670E-FC32-4440-BA22-3B9EB86117D1}.Release|Any CPU.Build.0 = Release|Any CPU
		{EDB35233-E07F-4F58-94EF-0D64517407FA}.Debug|Any CPU.ActiveCfg = Debug|Any CPU
		{EDB35233-E07F-4F58-94EF-0D64517407FA}.Debug|Any CPU.Build.0 = Debug|Any CPU
		{EDB35233-E07F-4F58-94EF-0D64517407FA}.Release|Any CPU.ActiveCfg = Release|Any CPU
		{EDB35233-E07F-4F58-94EF-0D64517407FA}.Release|Any CPU.Build.0 = Release|Any CPU
		{96BDC564-37F6-476F-93E9-60DBF31FB66A}.Debug|Any CPU.ActiveCfg = Debug|Any CPU
		{96BDC564-37F6-476F-93E9-60DBF31FB66A}.Debug|Any CPU.Build.0 = Debug|Any CPU
		{96BDC564-37F6-476F-93E9-60DBF31FB66A}.Release|Any CPU.ActiveCfg = Release|Any CPU
		{96BDC564-37F6-476F-93E9-60DBF31FB66A}.Release|Any CPU.Build.0 = Release|Any CPU
		{0CA205EE-876F-4017-866F-3A693B91E682}.Debug|Any CPU.ActiveCfg = Debug|Any CPU
		{0CA205EE-876F-4017-866F-3A693B91E682}.Debug|Any CPU.Build.0 = Debug|Any CPU
		{0CA205EE-876F-4017-866F-3A693B91E682}.Release|Any CPU.ActiveCfg = Release|Any CPU
		{0CA205EE-876F-4017-866F-3A693B91E682}.Release|Any CPU.Build.0 = Release|Any CPU
	EndGlobalSection
	GlobalSection(SolutionProperties) = preSolution
		HideSolutionNode = FALSE
	EndGlobalSection
	GlobalSection(NestedProjects) = preSolution
		{C062A965-BAB3-43FE-8FF7-B674FDE82B86} = {E2160F3B-B93B-4D81-B647-4BD04D39CD51}
		{5F01EC9B-18A1-4264-BE0F-9FDF053C5E87} = {C062A965-BAB3-43FE-8FF7-B674FDE82B86}
		{109315FB-D5EE-4795-BD64-0618B8BA6119} = {E2160F3B-B93B-4D81-B647-4BD04D39CD51}
		{1B21AAA5-4627-4F0B-8A45-ACFB644C6120} = {109315FB-D5EE-4795-BD64-0618B8BA6119}
		{D7FE3F0F-5BFC-4577-9257-5A10D575DD21} = {E2160F3B-B93B-4D81-B647-4BD04D39CD51}
		{F0FA37FF-2D8B-4878-970F-38C2AFE0FF63} = {D7FE3F0F-5BFC-4577-9257-5A10D575DD21}
		{300908C1-19EB-430E-B4D8-975B7EE91F8D} = {D7FE3F0F-5BFC-4577-9257-5A10D575DD21}
		{3EE94721-291A-4C3B-A4D6-26DE0187FFA2} = {E2160F3B-B93B-4D81-B647-4BD04D39CD51}
		{E168F597-360E-4E51-B2B6-8D58EF3D296D} = {3EE94721-291A-4C3B-A4D6-26DE0187FFA2}
		{4ADC8369-B641-46A8-862B-FC3FA3A1AE07} = {3EE94721-291A-4C3B-A4D6-26DE0187FFA2}
		{CD3C01DD-8C42-45CA-9967-94BFFDF3BF7C} = {3EE94721-291A-4C3B-A4D6-26DE0187FFA2}
		{E9385728-41BB-4DCB-818A-85360069EBA2} = {CD3C01DD-8C42-45CA-9967-94BFFDF3BF7C}
		{7E1D670E-FC32-4440-BA22-3B9EB86117D1} = {E168F597-360E-4E51-B2B6-8D58EF3D296D}
		{EDB35233-E07F-4F58-94EF-0D64517407FA} = {E168F597-360E-4E51-B2B6-8D58EF3D296D}
		{96BDC564-37F6-476F-93E9-60DBF31FB66A} = {4ADC8369-B641-46A8-862B-FC3FA3A1AE07}
		{0CA205EE-876F-4017-866F-3A693B91E682} = {4ADC8369-B641-46A8-862B-FC3FA3A1AE07}
	EndGlobalSection
	GlobalSection(ExtensibilityGlobals) = postSolution
		SolutionGuid = {CB67989F-E42A-4110-B994-D641EF4BC0A3}
	EndGlobalSection
EndGlobal
